
Microsoft Visual Studio Solution File, Format Version 12.00
# Visual Studio Version 17
VisualStudioVersion = 17.2.32526.322
MinimumVisualStudioVersion = 10.0.40219.1
Project("{FAE04EC0-301F-11D3-BF4B-00C04F79EFBC}") = "vidu", "vidu\vidu.csproj", "{5212D1D0-A466-4B76-ACD8-7C1DEB26130C}"
EndProject
Global
	GlobalSection(SolutionConfigurationPlatforms) = preSolution
		Debug|Any CPU = Debug|Any CPU
		Release|Any CPU = Release|Any CPU
	EndGlobalSection
	GlobalSection(ProjectConfigurationPlatforms) = postSolution
		{5212D1D0-A466-4B76-ACD8-7C1DEB26130C}.Debug|Any CPU.ActiveCfg = Debug|Any CPU
		{5212D1D0-A466-4B76-ACD8-7C1DEB26130C}.Debug|Any CPU.Build.0 = Debug|Any CPU
		{5212D1D0-A466-4B76-ACD8-7C1DEB26130C}.Release|Any CPU.ActiveCfg = Release|Any CPU
		{5212D1D0-A466-4B76-ACD8-7C1DEB26130C}.Release|Any CPU.Build.0 = Release|Any CPU
	EndGlobalSection
	GlobalSection(SolutionProperties) = preSolution
		HideSolutionNode = FALSE
	EndGlobalSection
	GlobalSection(ExtensibilityGlobals) = postSolution
		SolutionGuid = {3EF31C33-E251-41A3-98EC-75282C5056AD}
	EndGlobalSection
EndGlobal
